
Microsoft Visual Studio Solution File, Format Version 12.00
# Visual Studio Version 16
VisualStudioVersion = 16.0.31424.327
MinimumVisualStudioVersion = 10.0.40219.1
Project("{D954291E-2A0B-460D-934E-DC6B0785DB48}") = "UnoTestApp02_Metronome.Shared", "UnoTestApp02_Metronome\UnoTestApp02_Metronome.Shared\UnoTestApp02_Metronome.Shared.shproj", "{6279C845-92F8-4333-AB99-3D213163593C}"
EndProject
Project("{2150E333-8FDC-42A3-9474-1A3956D46DE8}") = "Platforms", "Platforms", "{783F0F7E-5901-4F9E-AABE-3639B388A559}"
EndProject
Project("{FAE04EC0-301F-11D3-BF4B-00C04F79EFBC}") = "UnoTestApp02_Metronome.Droid", "UnoTestApp02_Metronome\UnoTestApp02_Metronome.Droid\UnoTestApp02_Metronome.Droid.csproj", "{E0DFF72B-7E91-401A-BD79-41826EB97E97}"
EndProject
Project("{FAE04EC0-301F-11D3-BF4B-00C04F79EFBC}") = "UnoTestApp02_Metronome.iOS", "UnoTestApp02_Metronome\UnoTestApp02_Metronome.iOS\UnoTestApp02_Metronome.iOS.csproj", "{5A045291-3FC4-4683-9BF9-AB35EF9D36EA}"
EndProject
Project("{FAE04EC0-301F-11D3-BF4B-00C04F79EFBC}") = "UnoTestApp02_Metronome.UWP", "UnoTestApp02_Metronome\UnoTestApp02_Metronome.UWP\UnoTestApp02_Metronome.UWP.csproj", "{2A76591F-525C-4FE9-B376-8737035A762B}"
EndProject
Project("{FAE04EC0-301F-11D3-BF4B-00C04F79EFBC}") = "UnoTestApp02_Metronome.Wasm", "UnoTestApp02_Metronome\UnoTestApp02_Metronome.Wasm\UnoTestApp02_Metronome.Wasm.csproj", "{9ECAEC5A-6148-40BF-9104-B6003B97E6AD}"
EndProject
Project("{FAE04EC0-301F-11D3-BF4B-00C04F79EFBC}") = "UnoTestApp02_Metronome.macOS", "UnoTestApp02_Metronome\UnoTestApp02_Metronome.macOS\UnoTestApp02_Metronome.macOS.csproj", "{39960892-D4F1-4A20-9AD3-5A1DA547FB03}"
EndProject
Project("{FAE04EC0-301F-11D3-BF4B-00C04F79EFBC}") = "UnoTestApp02_Metronome.Skia.Wpf.Host", "UnoTestApp02_Metronome\UnoTestApp02_Metronome.Skia.Wpf.Host\UnoTestApp02_Metronome.Skia.Wpf.Host.csproj", "{17427A5A-99BA-4720-A219-EDEE584D0AD4}"
EndProject
Project("{FAE04EC0-301F-11D3-BF4B-00C04F79EFBC}") = "UnoTestApp02_Metronome.Skia.Wpf", "UnoTestApp02_Metronome\UnoTestApp02_Metronome.Skia.Wpf\UnoTestApp02_Metronome.Skia.Wpf.csproj", "{8F054858-058A-4E01-BCB2-B4EDE782AFF5}"
EndProject
Project("{FAE04EC0-301F-11D3-BF4B-00C04F79EFBC}") = "UnoTestApp02_Metronome.Skia.Gtk", "UnoTestApp02_Metronome\UnoTestApp02_Metronome.Skia.Gtk\UnoTestApp02_Metronome.Skia.Gtk.csproj", "{E90B1377-B9D3-4799-A0A5-D1D255673AE6}"
EndProject
Project("{FAE04EC0-301F-11D3-BF4B-00C04F79EFBC}") = "UnoTestApp02_Metronome.Skia.Tizen", "UnoTestApp02_Metronome\UnoTestApp02_Metronome.Skia.Tizen\UnoTestApp02_Metronome.Skia.Tizen.csproj", "{6459A7E7-5EE3-47AC-9772-B26E78ADEBD9}"
EndProject
Global
	GlobalSection(SharedMSBuildProjectFiles) = preSolution
		UnoTestApp02_Metronome\UnoTestApp02_Metronome.Shared\UnoTestApp02_Metronome.Shared.projitems*{2a76591f-525c-4fe9-b376-8737035a762b}*SharedItemsImports = 4
		UnoTestApp02_Metronome\UnoTestApp02_Metronome.Shared\UnoTestApp02_Metronome.Shared.projitems*{39960892-d4f1-4a20-9ad3-5a1da547fb03}*SharedItemsImports = 4
		UnoTestApp02_Metronome\UnoTestApp02_Metronome.Shared\UnoTestApp02_Metronome.Shared.projitems*{5a045291-3fc4-4683-9bf9-ab35ef9d36ea}*SharedItemsImports = 4
		UnoTestApp02_Metronome\UnoTestApp02_Metronome.Shared\UnoTestApp02_Metronome.Shared.projitems*{6279c845-92f8-4333-ab99-3d213163593c}*SharedItemsImports = 13
		UnoTestApp02_Metronome\UnoTestApp02_Metronome.Shared\UnoTestApp02_Metronome.Shared.projitems*{6459a7e7-5ee3-47ac-9772-b26e78adebd9}*SharedItemsImports = 5
		UnoTestApp02_Metronome\UnoTestApp02_Metronome.Shared\UnoTestApp02_Metronome.Shared.projitems*{8f054858-058a-4e01-bcb2-b4ede782aff5}*SharedItemsImports = 5
		UnoTestApp02_Metronome\UnoTestApp02_Metronome.Shared\UnoTestApp02_Metronome.Shared.projitems*{9ecaec5a-6148-40bf-9104-b6003b97e6ad}*SharedItemsImports = 5
		UnoTestApp02_Metronome\UnoTestApp02_Metronome.Shared\UnoTestApp02_Metronome.Shared.projitems*{e0dff72b-7e91-401a-bd79-41826eb97e97}*SharedItemsImports = 4
		UnoTestApp02_Metronome\UnoTestApp02_Metronome.Shared\UnoTestApp02_Metronome.Shared.projitems*{e90b1377-b9d3-4799-a0a5-d1d255673ae6}*SharedItemsImports = 5
	EndGlobalSection
	GlobalSection(SolutionConfigurationPlatforms) = preSolution
		Ad-Hoc|Any CPU = Ad-Hoc|Any CPU
		Ad-Hoc|ARM = Ad-Hoc|ARM
		Ad-Hoc|ARM64 = Ad-Hoc|ARM64
		Ad-Hoc|iPhone = Ad-Hoc|iPhone
		Ad-Hoc|iPhoneSimulator = Ad-Hoc|iPhoneSimulator
		Ad-Hoc|x64 = Ad-Hoc|x64
		Ad-Hoc|x86 = Ad-Hoc|x86
		AppStore|Any CPU = AppStore|Any CPU
		AppStore|ARM = AppStore|ARM
		AppStore|ARM64 = AppStore|ARM64
		AppStore|iPhone = AppStore|iPhone
		AppStore|iPhoneSimulator = AppStore|iPhoneSimulator
		AppStore|x64 = AppStore|x64
		AppStore|x86 = AppStore|x86
		Debug|Any CPU = Debug|Any CPU
		Debug|ARM = Debug|ARM
		Debug|ARM64 = Debug|ARM64
		Debug|iPhone = Debug|iPhone
		Debug|iPhoneSimulator = Debug|iPhoneSimulator
		Debug|x64 = Debug|x64
		Debug|x86 = Debug|x86
		Release|Any CPU = Release|Any CPU
		Release|ARM = Release|ARM
		Release|ARM64 = Release|ARM64
		Release|iPhone = Release|iPhone
		Release|iPhoneSimulator = Release|iPhoneSimulator
		Release|x64 = Release|x64
		Release|x86 = Release|x86
	EndGlobalSection
	GlobalSection(ProjectConfigurationPlatforms) = postSolution
		{E0DFF72B-7E91-401A-BD79-41826EB97E97}.Ad-Hoc|Any CPU.ActiveCfg = Debug|Any CPU
		{E0DFF72B-7E91-401A-BD79-41826EB97E97}.Ad-Hoc|Any CPU.Build.0 = Debug|Any CPU
		{E0DFF72B-7E91-401A-BD79-41826EB97E97}.Ad-Hoc|Any CPU.Deploy.0 = Debug|Any CPU
		{E0DFF72B-7E91-401A-BD79-41826EB97E97}.Ad-Hoc|ARM.ActiveCfg = Debug|Any CPU
		{E0DFF72B-7E91-401A-BD79-41826EB97E97}.Ad-Hoc|ARM.Build.0 = Debug|Any CPU
		{E0DFF72B-7E91-401A-BD79-41826EB97E97}.Ad-Hoc|ARM.Deploy.0 = Debug|Any CPU
		{E0DFF72B-7E91-401A-BD79-41826EB97E97}.Ad-Hoc|ARM64.ActiveCfg = Debug|Any CPU
		{E0DFF72B-7E91-401A-BD79-41826EB97E97}.Ad-Hoc|ARM64.Build.0 = Debug|Any CPU
		{E0DFF72B-7E91-401A-BD79-41826EB97E97}.Ad-Hoc|ARM64.Deploy.0 = Debug|Any CPU
		{E0DFF72B-7E91-401A-BD79-41826EB97E97}.Ad-Hoc|iPhone.ActiveCfg = Debug|Any CPU
		{E0DFF72B-7E91-401A-BD79-41826EB97E97}.Ad-Hoc|iPhone.Build.0 = Debug|Any CPU
		{E0DFF72B-7E91-401A-BD79-41826EB97E97}.Ad-Hoc|iPhone.Deploy.0 = Debug|Any CPU
		{E0DFF72B-7E91-401A-BD79-41826EB97E97}.Ad-Hoc|iPhoneSimulator.ActiveCfg = Debug|Any CPU
		{E0DFF72B-7E91-401A-BD79-41826EB97E97}.Ad-Hoc|iPhoneSimulator.Build.0 = Debug|Any CPU
		{E0DFF72B-7E91-401A-BD79-41826EB97E97}.Ad-Hoc|iPhoneSimulator.Deploy.0 = Debug|Any CPU
		{E0DFF72B-7E91-401A-BD79-41826EB97E97}.Ad-Hoc|x64.ActiveCfg = Debug|Any CPU
		{E0DFF72B-7E91-401A-BD79-41826EB97E97}.Ad-Hoc|x64.Build.0 = Debug|Any CPU
		{E0DFF72B-7E91-401A-BD79-41826EB97E97}.Ad-Hoc|x64.Deploy.0 = Debug|Any CPU
		{E0DFF72B-7E91-401A-BD79-41826EB97E97}.Ad-Hoc|x86.ActiveCfg = Debug|Any CPU
		{E0DFF72B-7E91-401A-BD79-41826EB97E97}.Ad-Hoc|x86.Build.0 = Debug|Any CPU
		{E0DFF72B-7E91-401A-BD79-41826EB97E97}.Ad-Hoc|x86.Deploy.0 = Debug|Any CPU
		{E0DFF72B-7E91-401A-BD79-41826EB97E97}.AppStore|Any CPU.ActiveCfg = Debug|Any CPU
		{E0DFF72B-7E91-401A-BD79-41826EB97E97}.AppStore|Any CPU.Build.0 = Debug|Any CPU
		{E0DFF72B-7E91-401A-BD79-41826EB97E97}.AppStore|Any CPU.Deploy.0 = Debug|Any CPU
		{E0DFF72B-7E91-401A-BD79-41826EB97E97}.AppStore|ARM.ActiveCfg = Debug|Any CPU
		{E0DFF72B-7E91-401A-BD79-41826EB97E97}.AppStore|ARM.Build.0 = Debug|Any CPU
		{E0DFF72B-7E91-401A-BD79-41826EB97E97}.AppStore|ARM.Deploy.0 = Debug|Any CPU
		{E0DFF72B-7E91-401A-BD79-41826EB97E97}.AppStore|ARM64.ActiveCfg = Debug|Any CPU
		{E0DFF72B-7E91-401A-BD79-41826EB97E97}.AppStore|ARM64.Build.0 = Debug|Any CPU
		{E0DFF72B-7E91-401A-BD79-41826EB97E97}.AppStore|ARM64.Deploy.0 = Debug|Any CPU
		{E0DFF72B-7E91-401A-BD79-41826EB97E97}.AppStore|iPhone.ActiveCfg = Debug|Any CPU
		{E0DFF72B-7E91-401A-BD79-41826EB97E97}.AppStore|iPhone.Build.0 = Debug|Any CPU
		{E0DFF72B-7E91-401A-BD79-41826EB97E97}.AppStore|iPhone.Deploy.0 = Debug|Any CPU
		{E0DFF72B-7E91-401A-BD79-41826EB97E97}.AppStore|iPhoneSimulator.ActiveCfg = Debug|Any CPU
		{E0DFF72B-7E91-401A-BD79-41826EB97E97}.AppStore|iPhoneSimulator.Build.0 = Debug|Any CPU
		{E0DFF72B-7E91-401A-BD79-41826EB97E97}.AppStore|iPhoneSimulator.Deploy.0 = Debug|Any CPU
		{E0DFF72B-7E91-401A-BD79-41826EB97E97}.AppStore|x64.ActiveCfg = Debug|Any CPU
		{E0DFF72B-7E91-401A-BD79-41826EB97E97}.AppStore|x64.Build.0 = Debug|Any CPU
		{E0DFF72B-7E91-401A-BD79-41826EB97E97}.AppStore|x64.Deploy.0 = Debug|Any CPU
		{E0DFF72B-7E91-401A-BD79-41826EB97E97}.AppStore|x86.ActiveCfg = Debug|Any CPU
		{E0DFF72B-7E91-401A-BD79-41826EB97E97}.AppStore|x86.Build.0 = Debug|Any CPU
		{E0DFF72B-7E91-401A-BD79-41826EB97E97}.AppStore|x86.Deploy.0 = Debug|Any CPU
		{E0DFF72B-7E91-401A-BD79-41826EB97E97}.Debug|Any CPU.ActiveCfg = Debug|Any CPU
		{E0DFF72B-7E91-401A-BD79-41826EB97E97}.Debug|Any CPU.Build.0 = Debug|Any CPU
		{E0DFF72B-7E91-401A-BD79-41826EB97E97}.Debug|Any CPU.Deploy.0 = Debug|Any CPU
		{E0DFF72B-7E91-401A-BD79-41826EB97E97}.Debug|ARM.ActiveCfg = Debug|Any CPU
		{E0DFF72B-7E91-401A-BD79-41826EB97E97}.Debug|ARM.Build.0 = Debug|Any CPU
		{E0DFF72B-7E91-401A-BD79-41826EB97E97}.Debug|ARM.Deploy.0 = Debug|Any CPU
		{E0DFF72B-7E91-401A-BD79-41826EB97E97}.Debug|ARM64.ActiveCfg = Debug|Any CPU
		{E0DFF72B-7E91-401A-BD79-41826EB97E97}.Debug|ARM64.Build.0 = Debug|Any CPU
		{E0DFF72B-7E91-401A-BD79-41826EB97E97}.Debug|ARM64.Deploy.0 = Debug|Any CPU
		{E0DFF72B-7E91-401A-BD79-41826EB97E97}.Debug|iPhone.ActiveCfg = Debug|Any CPU
		{E0DFF72B-7E91-401A-BD79-41826EB97E97}.Debug|iPhone.Build.0 = Debug|Any CPU
		{E0DFF72B-7E91-401A-BD79-41826EB97E97}.Debug|iPhone.Deploy.0 = Debug|Any CPU
		{E0DFF72B-7E91-401A-BD79-41826EB97E97}.Debug|iPhoneSimulator.ActiveCfg = Debug|Any CPU
		{E0DFF72B-7E91-401A-BD79-41826EB97E97}.Debug|iPhoneSimulator.Build.0 = Debug|Any CPU
		{E0DFF72B-7E91-401A-BD79-41826EB97E97}.Debug|iPhoneSimulator.Deploy.0 = Debug|Any CPU
		{E0DFF72B-7E91-401A-BD79-41826EB97E97}.Debug|x64.ActiveCfg = Debug|Any CPU
		{E0DFF72B-7E91-401A-BD79-41826EB97E97}.Debug|x64.Build.0 = Debug|Any CPU
		{E0DFF72B-7E91-401A-BD79-41826EB97E97}.Debug|x64.Deploy.0 = Debug|Any CPU
		{E0DFF72B-7E91-401A-BD79-41826EB97E97}.Debug|x86.ActiveCfg = Debug|Any CPU
		{E0DFF72B-7E91-401A-BD79-41826EB97E97}.Debug|x86.Build.0 = Debug|Any CPU
		{E0DFF72B-7E91-401A-BD79-41826EB97E97}.Debug|x86.Deploy.0 = Debug|Any CPU
		{E0DFF72B-7E91-401A-BD79-41826EB97E97}.Release|Any CPU.ActiveCfg = Release|Any CPU
		{E0DFF72B-7E91-401A-BD79-41826EB97E97}.Release|Any CPU.Build.0 = Release|Any CPU
		{E0DFF72B-7E91-401A-BD79-41826EB97E97}.Release|Any CPU.Deploy.0 = Release|Any CPU
		{E0DFF72B-7E91-401A-BD79-41826EB97E97}.Release|ARM.ActiveCfg = Release|Any CPU
		{E0DFF72B-7E91-401A-BD79-41826EB97E97}.Release|ARM.Build.0 = Release|Any CPU
		{E0DFF72B-7E91-401A-BD79-41826EB97E97}.Release|ARM.Deploy.0 = Release|Any CPU
		{E0DFF72B-7E91-401A-BD79-41826EB97E97}.Release|ARM64.ActiveCfg = Release|Any CPU
		{E0DFF72B-7E91-401A-BD79-41826EB97E97}.Release|ARM64.Build.0 = Release|Any CPU
		{E0DFF72B-7E91-401A-BD79-41826EB97E97}.Release|ARM64.Deploy.0 = Release|Any CPU
		{E0DFF72B-7E91-401A-BD79-41826EB97E97}.Release|iPhone.ActiveCfg = Release|Any CPU
		{E0DFF72B-7E91-401A-BD79-41826EB97E97}.Release|iPhone.Build.0 = Release|Any CPU
		{E0DFF72B-7E91-401A-BD79-41826EB97E97}.Release|iPhone.Deploy.0 = Release|Any CPU
		{E0DFF72B-7E91-401A-BD79-41826EB97E97}.Release|iPhoneSimulator.ActiveCfg = Release|Any CPU
		{E0DFF72B-7E91-401A-BD79-41826EB97E97}.Release|iPhoneSimulator.Build.0 = Release|Any CPU
		{E0DFF72B-7E91-401A-BD79-41826EB97E97}.Release|iPhoneSimulator.Deploy.0 = Release|Any CPU
		{E0DFF72B-7E91-401A-BD79-41826EB97E97}.Release|x64.ActiveCfg = Release|Any CPU
		{E0DFF72B-7E91-401A-BD79-41826EB97E97}.Release|x64.Build.0 = Release|Any CPU
		{E0DFF72B-7E91-401A-BD79-41826EB97E97}.Release|x64.Deploy.0 = Release|Any CPU
		{E0DFF72B-7E91-401A-BD79-41826EB97E97}.Release|x86.ActiveCfg = Release|Any CPU
		{E0DFF72B-7E91-401A-BD79-41826EB97E97}.Release|x86.Build.0 = Release|Any CPU
		{E0DFF72B-7E91-401A-BD79-41826EB97E97}.Release|x86.Deploy.0 = Release|Any CPU
		{5A045291-3FC4-4683-9BF9-AB35EF9D36EA}.Ad-Hoc|Any CPU.ActiveCfg = Ad-Hoc|iPhoneSimulator
		{5A045291-3FC4-4683-9BF9-AB35EF9D36EA}.Ad-Hoc|ARM.ActiveCfg = Ad-Hoc|iPhoneSimulator
		{5A045291-3FC4-4683-9BF9-AB35EF9D36EA}.Ad-Hoc|ARM64.ActiveCfg = Ad-Hoc|iPhoneSimulator
		{5A045291-3FC4-4683-9BF9-AB35EF9D36EA}.Ad-Hoc|iPhone.ActiveCfg = Ad-Hoc|iPhone
		{5A045291-3FC4-4683-9BF9-AB35EF9D36EA}.Ad-Hoc|iPhone.Build.0 = Ad-Hoc|iPhone
		{5A045291-3FC4-4683-9BF9-AB35EF9D36EA}.Ad-Hoc|iPhoneSimulator.ActiveCfg = Ad-Hoc|iPhoneSimulator
		{5A045291-3FC4-4683-9BF9-AB35EF9D36EA}.Ad-Hoc|iPhoneSimulator.Build.0 = Ad-Hoc|iPhoneSimulator
		{5A045291-3FC4-4683-9BF9-AB35EF9D36EA}.Ad-Hoc|x64.ActiveCfg = Ad-Hoc|iPhoneSimulator
		{5A045291-3FC4-4683-9BF9-AB35EF9D36EA}.Ad-Hoc|x86.ActiveCfg = Ad-Hoc|iPhoneSimulator
		{5A045291-3FC4-4683-9BF9-AB35EF9D36EA}.AppStore|Any CPU.ActiveCfg = AppStore|iPhoneSimulator
		{5A045291-3FC4-4683-9BF9-AB35EF9D36EA}.AppStore|ARM.ActiveCfg = AppStore|iPhoneSimulator
		{5A045291-3FC4-4683-9BF9-AB35EF9D36EA}.AppStore|ARM64.ActiveCfg = AppStore|iPhoneSimulator
		{5A045291-3FC4-4683-9BF9-AB35EF9D36EA}.AppStore|iPhone.ActiveCfg = AppStore|iPhone
		{5A045291-3FC4-4683-9BF9-AB35EF9D36EA}.AppStore|iPhone.Build.0 = AppStore|iPhone
		{5A045291-3FC4-4683-9BF9-AB35EF9D36EA}.AppStore|iPhoneSimulator.ActiveCfg = AppStore|iPhoneSimulator
		{5A045291-3FC4-4683-9BF9-AB35EF9D36EA}.AppStore|iPhoneSimulator.Build.0 = AppStore|iPhoneSimulator
		{5A045291-3FC4-4683-9BF9-AB35EF9D36EA}.AppStore|x64.ActiveCfg = AppStore|iPhoneSimulator
		{5A045291-3FC4-4683-9BF9-AB35EF9D36EA}.AppStore|x86.ActiveCfg = AppStore|iPhoneSimulator
		{5A045291-3FC4-4683-9BF9-AB35EF9D36EA}.Debug|Any CPU.ActiveCfg = Debug|iPhoneSimulator
		{5A045291-3FC4-4683-9BF9-AB35EF9D36EA}.Debug|ARM.ActiveCfg = Debug|iPhoneSimulator
		{5A045291-3FC4-4683-9BF9-AB35EF9D36EA}.Debug|ARM64.ActiveCfg = Debug|iPhoneSimulator
		{5A045291-3FC4-4683-9BF9-AB35EF9D36EA}.Debug|iPhone.ActiveCfg = Debug|iPhone
		{5A045291-3FC4-4683-9BF9-AB35EF9D36EA}.Debug|iPhone.Build.0 = Debug|iPhone
		{5A045291-3FC4-4683-9BF9-AB35EF9D36EA}.Debug|iPhoneSimulator.ActiveCfg = Debug|iPhoneSimulator
		{5A045291-3FC4-4683-9BF9-AB35EF9D36EA}.Debug|iPhoneSimulator.Build.0 = Debug|iPhoneSimulator
		{5A045291-3FC4-4683-9BF9-AB35EF9D36EA}.Debug|x64.ActiveCfg = Debug|iPhoneSimulator
		{5A045291-3FC4-4683-9BF9-AB35EF9D36EA}.Debug|x86.ActiveCfg = Debug|iPhoneSimulator
		{5A045291-3FC4-4683-9BF9-AB35EF9D36EA}.Release|Any CPU.ActiveCfg = Release|iPhoneSimulator
		{5A045291-3FC4-4683-9BF9-AB35EF9D36EA}.Release|ARM.ActiveCfg = Release|iPhoneSimulator
		{5A045291-3FC4-4683-9BF9-AB35EF9D36EA}.Release|ARM64.ActiveCfg = Release|iPhoneSimulator
		{5A045291-3FC4-4683-9BF9-AB35EF9D36EA}.Release|iPhone.ActiveCfg = Release|iPhone
		{5A045291-3FC4-4683-9BF9-AB35EF9D36EA}.Release|iPhone.Build.0 = Release|iPhone
		{5A045291-3FC4-4683-9BF9-AB35EF9D36EA}.Release|iPhoneSimulator.ActiveCfg = Release|iPhoneSimulator
		{5A045291-3FC4-4683-9BF9-AB35EF9D36EA}.Release|iPhoneSimulator.Build.0 = Release|iPhoneSimulator
		{5A045291-3FC4-4683-9BF9-AB35EF9D36EA}.Release|x64.ActiveCfg = Release|iPhoneSimulator
		{5A045291-3FC4-4683-9BF9-AB35EF9D36EA}.Release|x86.ActiveCfg = Release|iPhoneSimulator
		{2A76591F-525C-4FE9-B376-8737035A762B}.Ad-Hoc|Any CPU.ActiveCfg = Debug|x86
		{2A76591F-525C-4FE9-B376-8737035A762B}.Ad-Hoc|Any CPU.Build.0 = Debug|x86
		{2A76591F-525C-4FE9-B376-8737035A762B}.Ad-Hoc|Any CPU.Deploy.0 = Debug|x86
		{2A76591F-525C-4FE9-B376-8737035A762B}.Ad-Hoc|ARM.ActiveCfg = Debug|ARM
		{2A76591F-525C-4FE9-B376-8737035A762B}.Ad-Hoc|ARM.Build.0 = Debug|ARM
		{2A76591F-525C-4FE9-B376-8737035A762B}.Ad-Hoc|ARM.Deploy.0 = Debug|ARM
		{2A76591F-525C-4FE9-B376-8737035A762B}.Ad-Hoc|ARM64.ActiveCfg = Debug|ARM64
		{2A76591F-525C-4FE9-B376-8737035A762B}.Ad-Hoc|ARM64.Build.0 = Debug|ARM64
		{2A76591F-525C-4FE9-B376-8737035A762B}.Ad-Hoc|ARM64.Deploy.0 = Debug|ARM64
		{2A76591F-525C-4FE9-B376-8737035A762B}.Ad-Hoc|iPhone.ActiveCfg = Debug|x86
		{2A76591F-525C-4FE9-B376-8737035A762B}.Ad-Hoc|iPhone.Build.0 = Debug|x86
		{2A76591F-525C-4FE9-B376-8737035A762B}.Ad-Hoc|iPhone.Deploy.0 = Debug|x86
		{2A76591F-525C-4FE9-B376-8737035A762B}.Ad-Hoc|iPhoneSimulator.ActiveCfg = Debug|x86
		{2A76591F-525C-4FE9-B376-8737035A762B}.Ad-Hoc|iPhoneSimulator.Build.0 = Debug|x86
		{2A76591F-525C-4FE9-B376-8737035A762B}.Ad-Hoc|iPhoneSimulator.Deploy.0 = Debug|x86
		{2A76591F-525C-4FE9-B376-8737035A762B}.Ad-Hoc|x64.ActiveCfg = Debug|x64
		{2A76591F-525C-4FE9-B376-8737035A762B}.Ad-Hoc|x64.Build.0 = Debug|x64
		{2A76591F-525C-4FE9-B376-8737035A762B}.Ad-Hoc|x64.Deploy.0 = Debug|x64
		{2A76591F-525C-4FE9-B376-8737035A762B}.Ad-Hoc|x86.ActiveCfg = Debug|x86
		{2A76591F-525C-4FE9-B376-8737035A762B}.Ad-Hoc|x86.Build.0 = Debug|x86
		{2A76591F-525C-4FE9-B376-8737035A762B}.Ad-Hoc|x86.Deploy.0 = Debug|x86
		{2A76591F-525C-4FE9-B376-8737035A762B}.AppStore|Any CPU.ActiveCfg = Debug|x86
		{2A76591F-525C-4FE9-B376-8737035A762B}.AppStore|Any CPU.Build.0 = Debug|x86
		{2A76591F-525C-4FE9-B376-8737035A762B}.AppStore|Any CPU.Deploy.0 = Debug|x86
		{2A76591F-525C-4FE9-B376-8737035A762B}.AppStore|ARM.ActiveCfg = Debug|ARM
		{2A76591F-525C-4FE9-B376-8737035A762B}.AppStore|ARM.Build.0 = Debug|ARM
		{2A76591F-525C-4FE9-B376-8737035A762B}.AppStore|ARM.Deploy.0 = Debug|ARM
		{2A76591F-525C-4FE9-B376-8737035A762B}.AppStore|ARM64.ActiveCfg = Debug|ARM64
		{2A76591F-525C-4FE9-B376-8737035A762B}.AppStore|ARM64.Build.0 = Debug|ARM64
		{2A76591F-525C-4FE9-B376-8737035A762B}.AppStore|ARM64.Deploy.0 = Debug|ARM64
		{2A76591F-525C-4FE9-B376-8737035A762B}.AppStore|iPhone.ActiveCfg = Debug|x86
		{2A76591F-525C-4FE9-B376-8737035A762B}.AppStore|iPhone.Build.0 = Debug|x86
		{2A76591F-525C-4FE9-B376-8737035A762B}.AppStore|iPhone.Deploy.0 = Debug|x86
		{2A76591F-525C-4FE9-B376-8737035A762B}.AppStore|iPhoneSimulator.ActiveCfg = Debug|x86
		{2A76591F-525C-4FE9-B376-8737035A762B}.AppStore|iPhoneSimulator.Build.0 = Debug|x86
		{2A76591F-525C-4FE9-B376-8737035A762B}.AppStore|iPhoneSimulator.Deploy.0 = Debug|x86
		{2A76591F-525C-4FE9-B376-8737035A762B}.AppStore|x64.ActiveCfg = Debug|x64
		{2A76591F-525C-4FE9-B376-8737035A762B}.AppStore|x64.Build.0 = Debug|x64
		{2A76591F-525C-4FE9-B376-8737035A762B}.AppStore|x64.Deploy.0 = Debug|x64
		{2A76591F-525C-4FE9-B376-8737035A762B}.AppStore|x86.ActiveCfg = Debug|x86
		{2A76591F-525C-4FE9-B376-8737035A762B}.AppStore|x86.Build.0 = Debug|x86
		{2A76591F-525C-4FE9-B376-8737035A762B}.AppStore|x86.Deploy.0 = Debug|x86
		{2A76591F-525C-4FE9-B376-8737035A762B}.Debug|Any CPU.ActiveCfg = Debug|x86
		{2A76591F-525C-4FE9-B376-8737035A762B}.Debug|Any CPU.Build.0 = Debug|x86
		{2A76591F-525C-4FE9-B376-8737035A762B}.Debug|Any CPU.Deploy.0 = Debug|x86
		{2A76591F-525C-4FE9-B376-8737035A762B}.Debug|ARM.ActiveCfg = Debug|ARM
		{2A76591F-525C-4FE9-B376-8737035A762B}.Debug|ARM.Build.0 = Debug|ARM
		{2A76591F-525C-4FE9-B376-8737035A762B}.Debug|ARM.Deploy.0 = Debug|ARM
		{2A76591F-525C-4FE9-B376-8737035A762B}.Debug|ARM64.ActiveCfg = Debug|ARM64
		{2A76591F-525C-4FE9-B376-8737035A762B}.Debug|ARM64.Build.0 = Debug|ARM64
		{2A76591F-525C-4FE9-B376-8737035A762B}.Debug|ARM64.Deploy.0 = Debug|ARM64
		{2A76591F-525C-4FE9-B376-8737035A762B}.Debug|iPhone.ActiveCfg = Debug|x86
		{2A76591F-525C-4FE9-B376-8737035A762B}.Debug|iPhoneSimulator.ActiveCfg = Debug|x86
		{2A76591F-525C-4FE9-B376-8737035A762B}.Debug|x64.ActiveCfg = Debug|x64
		{2A76591F-525C-4FE9-B376-8737035A762B}.Debug|x64.Build.0 = Debug|x64
		{2A76591F-525C-4FE9-B376-8737035A762B}.Debug|x64.Deploy.0 = Debug|x64
		{2A76591F-525C-4FE9-B376-8737035A762B}.Debug|x86.ActiveCfg = Debug|x86
		{2A76591F-525C-4FE9-B376-8737035A762B}.Debug|x86.Build.0 = Debug|x86
		{2A76591F-525C-4FE9-B376-8737035A762B}.Debug|x86.Deploy.0 = Debug|x86
		{2A76591F-525C-4FE9-B376-8737035A762B}.Release|Any CPU.ActiveCfg = Release|x86
		{2A76591F-525C-4FE9-B376-8737035A762B}.Release|ARM.ActiveCfg = Release|ARM
		{2A76591F-525C-4FE9-B376-8737035A762B}.Release|ARM.Build.0 = Release|ARM
		{2A76591F-525C-4FE9-B376-8737035A762B}.Release|ARM.Deploy.0 = Release|ARM
		{2A76591F-525C-4FE9-B376-8737035A762B}.Release|ARM64.ActiveCfg = Release|ARM64
		{2A76591F-525C-4FE9-B376-8737035A762B}.Release|ARM64.Build.0 = Release|ARM64
		{2A76591F-525C-4FE9-B376-8737035A762B}.Release|ARM64.Deploy.0 = Release|ARM64
		{2A76591F-525C-4FE9-B376-8737035A762B}.Release|iPhone.ActiveCfg = Release|x86
		{2A76591F-525C-4FE9-B376-8737035A762B}.Release|iPhoneSimulator.ActiveCfg = Release|x86
		{2A76591F-525C-4FE9-B376-8737035A762B}.Release|x64.ActiveCfg = Release|x64
		{2A76591F-525C-4FE9-B376-8737035A762B}.Release|x64.Build.0 = Release|x64
		{2A76591F-525C-4FE9-B376-8737035A762B}.Release|x64.Deploy.0 = Release|x64
		{2A76591F-525C-4FE9-B376-8737035A762B}.Release|x86.ActiveCfg = Release|x86
		{2A76591F-525C-4FE9-B376-8737035A762B}.Release|x86.Build.0 = Release|x86
		{2A76591F-525C-4FE9-B376-8737035A762B}.Release|x86.Deploy.0 = Release|x86
		{9ECAEC5A-6148-40BF-9104-B6003B97E6AD}.Ad-Hoc|Any CPU.ActiveCfg = Debug|Any CPU
		{9ECAEC5A-6148-40BF-9104-B6003B97E6AD}.Ad-Hoc|Any CPU.Build.0 = Debug|Any CPU
		{9ECAEC5A-6148-40BF-9104-B6003B97E6AD}.Ad-Hoc|ARM.ActiveCfg = Debug|Any CPU
		{9ECAEC5A-6148-40BF-9104-B6003B97E6AD}.Ad-Hoc|ARM.Build.0 = Debug|Any CPU
		{9ECAEC5A-6148-40BF-9104-B6003B97E6AD}.Ad-Hoc|ARM64.ActiveCfg = Debug|Any CPU
		{9ECAEC5A-6148-40BF-9104-B6003B97E6AD}.Ad-Hoc|ARM64.Build.0 = Debug|Any CPU
		{9ECAEC5A-6148-40BF-9104-B6003B97E6AD}.Ad-Hoc|iPhone.ActiveCfg = Debug|Any CPU
		{9ECAEC5A-6148-40BF-9104-B6003B97E6AD}.Ad-Hoc|iPhone.Build.0 = Debug|Any CPU
		{9ECAEC5A-6148-40BF-9104-B6003B97E6AD}.Ad-Hoc|iPhoneSimulator.ActiveCfg = Debug|Any CPU
		{9ECAEC5A-6148-40BF-9104-B6003B97E6AD}.Ad-Hoc|iPhoneSimulator.Build.0 = Debug|Any CPU
		{9ECAEC5A-6148-40BF-9104-B6003B97E6AD}.Ad-Hoc|x64.ActiveCfg = Debug|Any CPU
		{9ECAEC5A-6148-40BF-9104-B6003B97E6AD}.Ad-Hoc|x64.Build.0 = Debug|Any CPU
		{9ECAEC5A-6148-40BF-9104-B6003B97E6AD}.Ad-Hoc|x86.ActiveCfg = Debug|Any CPU
		{9ECAEC5A-6148-40BF-9104-B6003B97E6AD}.Ad-Hoc|x86.Build.0 = Debug|Any CPU
		{9ECAEC5A-6148-40BF-9104-B6003B97E6AD}.AppStore|Any CPU.ActiveCfg = Debug|Any CPU
		{9ECAEC5A-6148-40BF-9104-B6003B97E6AD}.AppStore|Any CPU.Build.0 = Debug|Any CPU
		{9ECAEC5A-6148-40BF-9104-B6003B97E6AD}.AppStore|ARM.ActiveCfg = Debug|Any CPU
		{9ECAEC5A-6148-40BF-9104-B6003B97E6AD}.AppStore|ARM.Build.0 = Debug|Any CPU
		{9ECAEC5A-6148-40BF-9104-B6003B97E6AD}.AppStore|ARM64.ActiveCfg = Debug|Any CPU
		{9ECAEC5A-6148-40BF-9104-B6003B97E6AD}.AppStore|ARM64.Build.0 = Debug|Any CPU
		{9ECAEC5A-6148-40BF-9104-B6003B97E6AD}.AppStore|iPhone.ActiveCfg = Debug|Any CPU
		{9ECAEC5A-6148-40BF-9104-B6003B97E6AD}.AppStore|iPhone.Build.0 = Debug|Any CPU
		{9ECAEC5A-6148-40BF-9104-B6003B97E6AD}.AppStore|iPhoneSimulator.ActiveCfg = Debug|Any CPU
		{9ECAEC5A-6148-40BF-9104-B6003B97E6AD}.AppStore|iPhoneSimulator.Build.0 = Debug|Any CPU
		{9ECAEC5A-6148-40BF-9104-B6003B97E6AD}.AppStore|x64.ActiveCfg = Debug|Any CPU
		{9ECAEC5A-6148-40BF-9104-B6003B97E6AD}.AppStore|x64.Build.0 = Debug|Any CPU
		{9ECAEC5A-6148-40BF-9104-B6003B97E6AD}.AppStore|x86.ActiveCfg = Debug|Any CPU
		{9ECAEC5A-6148-40BF-9104-B6003B97E6AD}.AppStore|x86.Build.0 = Debug|Any CPU
		{9ECAEC5A-6148-40BF-9104-B6003B97E6AD}.Debug|Any CPU.ActiveCfg = Debug|Any CPU
		{9ECAEC5A-6148-40BF-9104-B6003B97E6AD}.Debug|Any CPU.Build.0 = Debug|Any CPU
		{9ECAEC5A-6148-40BF-9104-B6003B97E6AD}.Debug|ARM.ActiveCfg = Debug|Any CPU
		{9ECAEC5A-6148-40BF-9104-B6003B97E6AD}.Debug|ARM.Build.0 = Debug|Any CPU
		{9ECAEC5A-6148-40BF-9104-B6003B97E6AD}.Debug|ARM64.ActiveCfg = Debug|Any CPU
		{9ECAEC5A-6148-40BF-9104-B6003B97E6AD}.Debug|ARM64.Build.0 = Debug|Any CPU
		{9ECAEC5A-6148-40BF-9104-B6003B97E6AD}.Debug|iPhone.ActiveCfg = Debug|Any CPU
		{9ECAEC5A-6148-40BF-9104-B6003B97E6AD}.Debug|iPhone.Build.0 = Debug|Any CPU
		{9ECAEC5A-6148-40BF-9104-B6003B97E6AD}.Debug|iPhoneSimulator.ActiveCfg = Debug|Any CPU
		{9ECAEC5A-6148-40BF-9104-B6003B97E6AD}.Debug|iPhoneSimulator.Build.0 = Debug|Any CPU
		{9ECAEC5A-6148-40BF-9104-B6003B97E6AD}.Debug|x64.ActiveCfg = Debug|Any CPU
		{9ECAEC5A-6148-40BF-9104-B6003B97E6AD}.Debug|x64.Build.0 = Debug|Any CPU
		{9ECAEC5A-6148-40BF-9104-B6003B97E6AD}.Debug|x86.ActiveCfg = Debug|Any CPU
		{9ECAEC5A-6148-40BF-9104-B6003B97E6AD}.Debug|x86.Build.0 = Debug|Any CPU
		{9ECAEC5A-6148-40BF-9104-B6003B97E6AD}.Release|Any CPU.ActiveCfg = Release|Any CPU
		{9ECAEC5A-6148-40BF-9104-B6003B97E6AD}.Release|Any CPU.Build.0 = Release|Any CPU
		{9ECAEC5A-6148-40BF-9104-B6003B97E6AD}.Release|ARM.ActiveCfg = Release|Any CPU
		{9ECAEC5A-6148-40BF-9104-B6003B97E6AD}.Release|ARM.Build.0 = Release|Any CPU
		{9ECAEC5A-6148-40BF-9104-B6003B97E6AD}.Release|ARM64.ActiveCfg = Release|Any CPU
		{9ECAEC5A-6148-40BF-9104-B6003B97E6AD}.Release|ARM64.Build.0 = Release|Any CPU
		{9ECAEC5A-6148-40BF-9104-B6003B97E6AD}.Release|iPhone.ActiveCfg = Release|Any CPU
		{9ECAEC5A-6148-40BF-9104-B6003B97E6AD}.Release|iPhone.Build.0 = Release|Any CPU
		{9ECAEC5A-6148-40BF-9104-B6003B97E6AD}.Release|iPhoneSimulator.ActiveCfg = Release|Any CPU
		{9ECAEC5A-6148-40BF-9104-B6003B97E6AD}.Release|iPhoneSimulator.Build.0 = Release|Any CPU
		{9ECAEC5A-6148-40BF-9104-B6003B97E6AD}.Release|x64.ActiveCfg = Release|Any CPU
		{9ECAEC5A-6148-40BF-9104-B6003B97E6AD}.Release|x64.Build.0 = Release|Any CPU
		{9ECAEC5A-6148-40BF-9104-B6003B97E6AD}.Release|x86.ActiveCfg = Release|Any CPU
		{9ECAEC5A-6148-40BF-9104-B6003B97E6AD}.Release|x86.Build.0 = Release|Any CPU
		{39960892-D4F1-4A20-9AD3-5A1DA547FB03}.Ad-Hoc|Any CPU.ActiveCfg = Debug|iPhoneSimulator
		{39960892-D4F1-4A20-9AD3-5A1DA547FB03}.Ad-Hoc|Any CPU.Build.0 = Debug|iPhoneSimulator
		{39960892-D4F1-4A20-9AD3-5A1DA547FB03}.Ad-Hoc|ARM.ActiveCfg = Debug|iPhoneSimulator
		{39960892-D4F1-4A20-9AD3-5A1DA547FB03}.Ad-Hoc|ARM.Build.0 = Debug|iPhoneSimulator
		{39960892-D4F1-4A20-9AD3-5A1DA547FB03}.Ad-Hoc|ARM64.ActiveCfg = Debug|iPhoneSimulator
		{39960892-D4F1-4A20-9AD3-5A1DA547FB03}.Ad-Hoc|ARM64.Build.0 = Debug|iPhoneSimulator
		{39960892-D4F1-4A20-9AD3-5A1DA547FB03}.Ad-Hoc|iPhone.ActiveCfg = Debug|iPhoneSimulator
		{39960892-D4F1-4A20-9AD3-5A1DA547FB03}.Ad-Hoc|iPhone.Build.0 = Debug|iPhoneSimulator
		{39960892-D4F1-4A20-9AD3-5A1DA547FB03}.Ad-Hoc|iPhoneSimulator.ActiveCfg = Debug|iPhoneSimulator
		{39960892-D4F1-4A20-9AD3-5A1DA547FB03}.Ad-Hoc|iPhoneSimulator.Build.0 = Debug|iPhoneSimulator
		{39960892-D4F1-4A20-9AD3-5A1DA547FB03}.Ad-Hoc|x64.ActiveCfg = Debug|iPhoneSimulator
		{39960892-D4F1-4A20-9AD3-5A1DA547FB03}.Ad-Hoc|x64.Build.0 = Debug|iPhoneSimulator
		{39960892-D4F1-4A20-9AD3-5A1DA547FB03}.Ad-Hoc|x86.ActiveCfg = Debug|iPhoneSimulator
		{39960892-D4F1-4A20-9AD3-5A1DA547FB03}.Ad-Hoc|x86.Build.0 = Debug|iPhoneSimulator
		{39960892-D4F1-4A20-9AD3-5A1DA547FB03}.AppStore|Any CPU.ActiveCfg = Debug|iPhoneSimulator
		{39960892-D4F1-4A20-9AD3-5A1DA547FB03}.AppStore|Any CPU.Build.0 = Debug|iPhoneSimulator
		{39960892-D4F1-4A20-9AD3-5A1DA547FB03}.AppStore|ARM.ActiveCfg = Debug|iPhoneSimulator
		{39960892-D4F1-4A20-9AD3-5A1DA547FB03}.AppStore|ARM.Build.0 = Debug|iPhoneSimulator
		{39960892-D4F1-4A20-9AD3-5A1DA547FB03}.AppStore|ARM64.ActiveCfg = Debug|iPhoneSimulator
		{39960892-D4F1-4A20-9AD3-5A1DA547FB03}.AppStore|ARM64.Build.0 = Debug|iPhoneSimulator
		{39960892-D4F1-4A20-9AD3-5A1DA547FB03}.AppStore|iPhone.ActiveCfg = Debug|iPhoneSimulator
		{39960892-D4F1-4A20-9AD3-5A1DA547FB03}.AppStore|iPhone.Build.0 = Debug|iPhoneSimulator
		{39960892-D4F1-4A20-9AD3-5A1DA547FB03}.AppStore|iPhoneSimulator.ActiveCfg = Debug|iPhoneSimulator
		{39960892-D4F1-4A20-9AD3-5A1DA547FB03}.AppStore|iPhoneSimulator.Build.0 = Debug|iPhoneSimulator
		{39960892-D4F1-4A20-9AD3-5A1DA547FB03}.AppStore|x64.ActiveCfg = Debug|iPhoneSimulator
		{39960892-D4F1-4A20-9AD3-5A1DA547FB03}.AppStore|x64.Build.0 = Debug|iPhoneSimulator
		{39960892-D4F1-4A20-9AD3-5A1DA547FB03}.AppStore|x86.ActiveCfg = Debug|iPhoneSimulator
		{39960892-D4F1-4A20-9AD3-5A1DA547FB03}.AppStore|x86.Build.0 = Debug|iPhoneSimulator
		{39960892-D4F1-4A20-9AD3-5A1DA547FB03}.Debug|Any CPU.ActiveCfg = Debug|iPhoneSimulator
		{39960892-D4F1-4A20-9AD3-5A1DA547FB03}.Debug|ARM.ActiveCfg = Debug|iPhoneSimulator
		{39960892-D4F1-4A20-9AD3-5A1DA547FB03}.Debug|ARM64.ActiveCfg = Debug|iPhoneSimulator
		{39960892-D4F1-4A20-9AD3-5A1DA547FB03}.Debug|iPhone.ActiveCfg = Debug|iPhoneSimulator
		{39960892-D4F1-4A20-9AD3-5A1DA547FB03}.Debug|iPhoneSimulator.ActiveCfg = Debug|iPhoneSimulator
		{39960892-D4F1-4A20-9AD3-5A1DA547FB03}.Debug|iPhoneSimulator.Build.0 = Debug|iPhoneSimulator
		{39960892-D4F1-4A20-9AD3-5A1DA547FB03}.Debug|x64.ActiveCfg = Debug|iPhoneSimulator
		{39960892-D4F1-4A20-9AD3-5A1DA547FB03}.Debug|x86.ActiveCfg = Debug|iPhoneSimulator
		{39960892-D4F1-4A20-9AD3-5A1DA547FB03}.Release|Any CPU.ActiveCfg = Release|iPhoneSimulator
		{39960892-D4F1-4A20-9AD3-5A1DA547FB03}.Release|ARM.ActiveCfg = Release|iPhoneSimulator
		{39960892-D4F1-4A20-9AD3-5A1DA547FB03}.Release|ARM64.ActiveCfg = Release|iPhoneSimulator
		{39960892-D4F1-4A20-9AD3-5A1DA547FB03}.Release|iPhone.ActiveCfg = Release|iPhoneSimulator
		{39960892-D4F1-4A20-9AD3-5A1DA547FB03}.Release|iPhoneSimulator.ActiveCfg = Release|iPhoneSimulator
		{39960892-D4F1-4A20-9AD3-5A1DA547FB03}.Release|iPhoneSimulator.Build.0 = Release|iPhoneSimulator
		{39960892-D4F1-4A20-9AD3-5A1DA547FB03}.Release|x64.ActiveCfg = Release|iPhoneSimulator
		{39960892-D4F1-4A20-9AD3-5A1DA547FB03}.Release|x86.ActiveCfg = Release|iPhoneSimulator
		{17427A5A-99BA-4720-A219-EDEE584D0AD4}.Ad-Hoc|Any CPU.ActiveCfg = Debug|Any CPU
		{17427A5A-99BA-4720-A219-EDEE584D0AD4}.Ad-Hoc|Any CPU.Build.0 = Debug|Any CPU
		{17427A5A-99BA-4720-A219-EDEE584D0AD4}.Ad-Hoc|ARM.ActiveCfg = Debug|Any CPU
		{17427A5A-99BA-4720-A219-EDEE584D0AD4}.Ad-Hoc|ARM.Build.0 = Debug|Any CPU
		{17427A5A-99BA-4720-A219-EDEE584D0AD4}.Ad-Hoc|ARM64.ActiveCfg = Debug|Any CPU
		{17427A5A-99BA-4720-A219-EDEE584D0AD4}.Ad-Hoc|ARM64.Build.0 = Debug|Any CPU
		{17427A5A-99BA-4720-A219-EDEE584D0AD4}.Ad-Hoc|iPhone.ActiveCfg = Debug|Any CPU
		{17427A5A-99BA-4720-A219-EDEE584D0AD4}.Ad-Hoc|iPhone.Build.0 = Debug|Any CPU
		{17427A5A-99BA-4720-A219-EDEE584D0AD4}.Ad-Hoc|iPhoneSimulator.ActiveCfg = Debug|Any CPU
		{17427A5A-99BA-4720-A219-EDEE584D0AD4}.Ad-Hoc|iPhoneSimulator.Build.0 = Debug|Any CPU
		{17427A5A-99BA-4720-A219-EDEE584D0AD4}.Ad-Hoc|x64.ActiveCfg = Debug|Any CPU
		{17427A5A-99BA-4720-A219-EDEE584D0AD4}.Ad-Hoc|x64.Build.0 = Debug|Any CPU
		{17427A5A-99BA-4720-A219-EDEE584D0AD4}.Ad-Hoc|x86.ActiveCfg = Debug|Any CPU
		{17427A5A-99BA-4720-A219-EDEE584D0AD4}.Ad-Hoc|x86.Build.0 = Debug|Any CPU
		{17427A5A-99BA-4720-A219-EDEE584D0AD4}.AppStore|Any CPU.ActiveCfg = Debug|Any CPU
		{17427A5A-99BA-4720-A219-EDEE584D0AD4}.AppStore|Any CPU.Build.0 = Debug|Any CPU
		{17427A5A-99BA-4720-A219-EDEE584D0AD4}.AppStore|ARM.ActiveCfg = Debug|Any CPU
		{17427A5A-99BA-4720-A219-EDEE584D0AD4}.AppStore|ARM.Build.0 = Debug|Any CPU
		{17427A5A-99BA-4720-A219-EDEE584D0AD4}.AppStore|ARM64.ActiveCfg = Debug|Any CPU
		{17427A5A-99BA-4720-A219-EDEE584D0AD4}.AppStore|ARM64.Build.0 = Debug|Any CPU
		{17427A5A-99BA-4720-A219-EDEE584D0AD4}.AppStore|iPhone.ActiveCfg = Debug|Any CPU
		{17427A5A-99BA-4720-A219-EDEE584D0AD4}.AppStore|iPhone.Build.0 = Debug|Any CPU
		{17427A5A-99BA-4720-A219-EDEE584D0AD4}.AppStore|iPhoneSimulator.ActiveCfg = Debug|Any CPU
		{17427A5A-99BA-4720-A219-EDEE584D0AD4}.AppStore|iPhoneSimulator.Build.0 = Debug|Any CPU
		{17427A5A-99BA-4720-A219-EDEE584D0AD4}.AppStore|x64.ActiveCfg = Debug|Any CPU
		{17427A5A-99BA-4720-A219-EDEE584D0AD4}.AppStore|x64.Build.0 = Debug|Any CPU
		{17427A5A-99BA-4720-A219-EDEE584D0AD4}.AppStore|x86.ActiveCfg = Debug|Any CPU
		{17427A5A-99BA-4720-A219-EDEE584D0AD4}.AppStore|x86.Build.0 = Debug|Any CPU
		{17427A5A-99BA-4720-A219-EDEE584D0AD4}.Debug|Any CPU.ActiveCfg = Debug|Any CPU
		{17427A5A-99BA-4720-A219-EDEE584D0AD4}.Debug|Any CPU.Build.0 = Debug|Any CPU
		{17427A5A-99BA-4720-A219-EDEE584D0AD4}.Debug|ARM.ActiveCfg = Debug|Any CPU
		{17427A5A-99BA-4720-A219-EDEE584D0AD4}.Debug|ARM.Build.0 = Debug|Any CPU
		{17427A5A-99BA-4720-A219-EDEE584D0AD4}.Debug|ARM64.ActiveCfg = Debug|Any CPU
		{17427A5A-99BA-4720-A219-EDEE584D0AD4}.Debug|ARM64.Build.0 = Debug|Any CPU
		{17427A5A-99BA-4720-A219-EDEE584D0AD4}.Debug|iPhone.ActiveCfg = Debug|Any CPU
		{17427A5A-99BA-4720-A219-EDEE584D0AD4}.Debug|iPhone.Build.0 = Debug|Any CPU
		{17427A5A-99BA-4720-A219-EDEE584D0AD4}.Debug|iPhoneSimulator.ActiveCfg = Debug|Any CPU
		{17427A5A-99BA-4720-A219-EDEE584D0AD4}.Debug|iPhoneSimulator.Build.0 = Debug|Any CPU
		{17427A5A-99BA-4720-A219-EDEE584D0AD4}.Debug|x64.ActiveCfg = Debug|Any CPU
		{17427A5A-99BA-4720-A219-EDEE584D0AD4}.Debug|x64.Build.0 = Debug|Any CPU
		{17427A5A-99BA-4720-A219-EDEE584D0AD4}.Debug|x86.ActiveCfg = Debug|Any CPU
		{17427A5A-99BA-4720-A219-EDEE584D0AD4}.Debug|x86.Build.0 = Debug|Any CPU
		{17427A5A-99BA-4720-A219-EDEE584D0AD4}.Release|Any CPU.ActiveCfg = Release|Any CPU
		{17427A5A-99BA-4720-A219-EDEE584D0AD4}.Release|Any CPU.Build.0 = Release|Any CPU
		{17427A5A-99BA-4720-A219-EDEE584D0AD4}.Release|ARM.ActiveCfg = Release|Any CPU
		{17427A5A-99BA-4720-A219-EDEE584D0AD4}.Release|ARM.Build.0 = Release|Any CPU
		{17427A5A-99BA-4720-A219-EDEE584D0AD4}.Release|ARM64.ActiveCfg = Release|Any CPU
		{17427A5A-99BA-4720-A219-EDEE584D0AD4}.Release|ARM64.Build.0 = Release|Any CPU
		{17427A5A-99BA-4720-A219-EDEE584D0AD4}.Release|iPhone.ActiveCfg = Release|Any CPU
		{17427A5A-99BA-4720-A219-EDEE584D0AD4}.Release|iPhone.Build.0 = Release|Any CPU
		{17427A5A-99BA-4720-A219-EDEE584D0AD4}.Release|iPhoneSimulator.ActiveCfg = Release|Any CPU
		{17427A5A-99BA-4720-A219-EDEE584D0AD4}.Release|iPhoneSimulator.Build.0 = Release|Any CPU
		{17427A5A-99BA-4720-A219-EDEE584D0AD4}.Release|x64.ActiveCfg = Release|Any CPU
		{17427A5A-99BA-4720-A219-EDEE584D0AD4}.Release|x64.Build.0 = Release|Any CPU
		{17427A5A-99BA-4720-A219-EDEE584D0AD4}.Release|x86.ActiveCfg = Release|Any CPU
		{17427A5A-99BA-4720-A219-EDEE584D0AD4}.Release|x86.Build.0 = Release|Any CPU
		{8F054858-058A-4E01-BCB2-B4EDE782AFF5}.Ad-Hoc|Any CPU.ActiveCfg = Debug|Any CPU
		{8F054858-058A-4E01-BCB2-B4EDE782AFF5}.Ad-Hoc|Any CPU.Build.0 = Debug|Any CPU
		{8F054858-058A-4E01-BCB2-B4EDE782AFF5}.Ad-Hoc|ARM.ActiveCfg = Debug|Any CPU
		{8F054858-058A-4E01-BCB2-B4EDE782AFF5}.Ad-Hoc|ARM.Build.0 = Debug|Any CPU
		{8F054858-058A-4E01-BCB2-B4EDE782AFF5}.Ad-Hoc|ARM64.ActiveCfg = Debug|Any CPU
		{8F054858-058A-4E01-BCB2-B4EDE782AFF5}.Ad-Hoc|ARM64.Build.0 = Debug|Any CPU
		{8F054858-058A-4E01-BCB2-B4EDE782AFF5}.Ad-Hoc|iPhone.ActiveCfg = Debug|Any CPU
		{8F054858-058A-4E01-BCB2-B4EDE782AFF5}.Ad-Hoc|iPhone.Build.0 = Debug|Any CPU
		{8F054858-058A-4E01-BCB2-B4EDE782AFF5}.Ad-Hoc|iPhoneSimulator.ActiveCfg = Debug|Any CPU
		{8F054858-058A-4E01-BCB2-B4EDE782AFF5}.Ad-Hoc|iPhoneSimulator.Build.0 = Debug|Any CPU
		{8F054858-058A-4E01-BCB2-B4EDE782AFF5}.Ad-Hoc|x64.ActiveCfg = Debug|Any CPU
		{8F054858-058A-4E01-BCB2-B4EDE782AFF5}.Ad-Hoc|x64.Build.0 = Debug|Any CPU
		{8F054858-058A-4E01-BCB2-B4EDE782AFF5}.Ad-Hoc|x86.ActiveCfg = Debug|Any CPU
		{8F054858-058A-4E01-BCB2-B4EDE782AFF5}.Ad-Hoc|x86.Build.0 = Debug|Any CPU
		{8F054858-058A-4E01-BCB2-B4EDE782AFF5}.AppStore|Any CPU.ActiveCfg = Debug|Any CPU
		{8F054858-058A-4E01-BCB2-B4EDE782AFF5}.AppStore|Any CPU.Build.0 = Debug|Any CPU
		{8F054858-058A-4E01-BCB2-B4EDE782AFF5}.AppStore|ARM.ActiveCfg = Debug|Any CPU
		{8F054858-058A-4E01-BCB2-B4EDE782AFF5}.AppStore|ARM.Build.0 = Debug|Any CPU
		{8F054858-058A-4E01-BCB2-B4EDE782AFF5}.AppStore|ARM64.ActiveCfg = Debug|Any CPU
		{8F054858-058A-4E01-BCB2-B4EDE782AFF5}.AppStore|ARM64.Build.0 = Debug|Any CPU
		{8F054858-058A-4E01-BCB2-B4EDE782AFF5}.AppStore|iPhone.ActiveCfg = Debug|Any CPU
		{8F054858-058A-4E01-BCB2-B4EDE782AFF5}.AppStore|iPhone.Build.0 = Debug|Any CPU
		{8F054858-058A-4E01-BCB2-B4EDE782AFF5}.AppStore|iPhoneSimulator.ActiveCfg = Debug|Any CPU
		{8F054858-058A-4E01-BCB2-B4EDE782AFF5}.AppStore|iPhoneSimulator.Build.0 = Debug|Any CPU
		{8F054858-058A-4E01-BCB2-B4EDE782AFF5}.AppStore|x64.ActiveCfg = Debug|Any CPU
		{8F054858-058A-4E01-BCB2-B4EDE782AFF5}.AppStore|x64.Build.0 = Debug|Any CPU
		{8F054858-058A-4E01-BCB2-B4EDE782AFF5}.AppStore|x86.ActiveCfg = Debug|Any CPU
		{8F054858-058A-4E01-BCB2-B4EDE782AFF5}.AppStore|x86.Build.0 = Debug|Any CPU
		{8F054858-058A-4E01-BCB2-B4EDE782AFF5}.Debug|Any CPU.ActiveCfg = Debug|Any CPU
		{8F054858-058A-4E01-BCB2-B4EDE782AFF5}.Debug|Any CPU.Build.0 = Debug|Any CPU
		{8F054858-058A-4E01-BCB2-B4EDE782AFF5}.Debug|ARM.ActiveCfg = Debug|Any CPU
		{8F054858-058A-4E01-BCB2-B4EDE782AFF5}.Debug|ARM.Build.0 = Debug|Any CPU
		{8F054858-058A-4E01-BCB2-B4EDE782AFF5}.Debug|ARM64.ActiveCfg = Debug|Any CPU
		{8F054858-058A-4E01-BCB2-B4EDE782AFF5}.Debug|ARM64.Build.0 = Debug|Any CPU
		{8F054858-058A-4E01-BCB2-B4EDE782AFF5}.Debug|iPhone.ActiveCfg = Debug|Any CPU
		{8F054858-058A-4E01-BCB2-B4EDE782AFF5}.Debug|iPhone.Build.0 = Debug|Any CPU
		{8F054858-058A-4E01-BCB2-B4EDE782AFF5}.Debug|iPhoneSimulator.ActiveCfg = Debug|Any CPU
		{8F054858-058A-4E01-BCB2-B4EDE782AFF5}.Debug|iPhoneSimulator.Build.0 = Debug|Any CPU
		{8F054858-058A-4E01-BCB2-B4EDE782AFF5}.Debug|x64.ActiveCfg = Debug|Any CPU
		{8F054858-058A-4E01-BCB2-B4EDE782AFF5}.Debug|x64.Build.0 = Debug|Any CPU
		{8F054858-058A-4E01-BCB2-B4EDE782AFF5}.Debug|x86.ActiveCfg = Debug|Any CPU
		{8F054858-058A-4E01-BCB2-B4EDE782AFF5}.Debug|x86.Build.0 = Debug|Any CPU
		{8F054858-058A-4E01-BCB2-B4EDE782AFF5}.Release|Any CPU.ActiveCfg = Release|Any CPU
		{8F054858-058A-4E01-BCB2-B4EDE782AFF5}.Release|Any CPU.Build.0 = Release|Any CPU
		{8F054858-058A-4E01-BCB2-B4EDE782AFF5}.Release|ARM.ActiveCfg = Release|Any CPU
		{8F054858-058A-4E01-BCB2-B4EDE782AFF5}.Release|ARM.Build.0 = Release|Any CPU
		{8F054858-058A-4E01-BCB2-B4EDE782AFF5}.Release|ARM64.ActiveCfg = Release|Any CPU
		{8F054858-058A-4E01-BCB2-B4EDE782AFF5}.Release|ARM64.Build.0 = Release|Any CPU
		{8F054858-058A-4E01-BCB2-B4EDE782AFF5}.Release|iPhone.ActiveCfg = Release|Any CPU
		{8F054858-058A-4E01-BCB2-B4EDE782AFF5}.Release|iPhone.Build.0 = Release|Any CPU
		{8F054858-058A-4E01-BCB2-B4EDE782AFF5}.Release|iPhoneSimulator.ActiveCfg = Release|Any CPU
		{8F054858-058A-4E01-BCB2-B4EDE782AFF5}.Release|iPhoneSimulator.Build.0 = Release|Any CPU
		{8F054858-058A-4E01-BCB2-B4EDE782AFF5}.Release|x64.ActiveCfg = Release|Any CPU
		{8F054858-058A-4E01-BCB2-B4EDE782AFF5}.Release|x64.Build.0 = Release|Any CPU
		{8F054858-058A-4E01-BCB2-B4EDE782AFF5}.Release|x86.ActiveCfg = Release|Any CPU
		{8F054858-058A-4E01-BCB2-B4EDE782AFF5}.Release|x86.Build.0 = Release|Any CPU
		{E90B1377-B9D3-4799-A0A5-D1D255673AE6}.Ad-Hoc|Any CPU.ActiveCfg = Debug|Any CPU
		{E90B1377-B9D3-4799-A0A5-D1D255673AE6}.Ad-Hoc|Any CPU.Build.0 = Debug|Any CPU
		{E90B1377-B9D3-4799-A0A5-D1D255673AE6}.Ad-Hoc|ARM.ActiveCfg = Debug|Any CPU
		{E90B1377-B9D3-4799-A0A5-D1D255673AE6}.Ad-Hoc|ARM.Build.0 = Debug|Any CPU
		{E90B1377-B9D3-4799-A0A5-D1D255673AE6}.Ad-Hoc|ARM64.ActiveCfg = Debug|Any CPU
		{E90B1377-B9D3-4799-A0A5-D1D255673AE6}.Ad-Hoc|ARM64.Build.0 = Debug|Any CPU
		{E90B1377-B9D3-4799-A0A5-D1D255673AE6}.Ad-Hoc|iPhone.ActiveCfg = Debug|Any CPU
		{E90B1377-B9D3-4799-A0A5-D1D255673AE6}.Ad-Hoc|iPhone.Build.0 = Debug|Any CPU
		{E90B1377-B9D3-4799-A0A5-D1D255673AE6}.Ad-Hoc|iPhoneSimulator.ActiveCfg = Debug|Any CPU
		{E90B1377-B9D3-4799-A0A5-D1D255673AE6}.Ad-Hoc|iPhoneSimulator.Build.0 = Debug|Any CPU
		{E90B1377-B9D3-4799-A0A5-D1D255673AE6}.Ad-Hoc|x64.ActiveCfg = Debug|Any CPU
		{E90B1377-B9D3-4799-A0A5-D1D255673AE6}.Ad-Hoc|x64.Build.0 = Debug|Any CPU
		{E90B1377-B9D3-4799-A0A5-D1D255673AE6}.Ad-Hoc|x86.ActiveCfg = Debug|Any CPU
		{E90B1377-B9D3-4799-A0A5-D1D255673AE6}.Ad-Hoc|x86.Build.0 = Debug|Any CPU
		{E90B1377-B9D3-4799-A0A5-D1D255673AE6}.AppStore|Any CPU.ActiveCfg = Debug|Any CPU
		{E90B1377-B9D3-4799-A0A5-D1D255673AE6}.AppStore|Any CPU.Build.0 = Debug|Any CPU
		{E90B1377-B9D3-4799-A0A5-D1D255673AE6}.AppStore|ARM.ActiveCfg = Debug|Any CPU
		{E90B1377-B9D3-4799-A0A5-D1D255673AE6}.AppStore|ARM.Build.0 = Debug|Any CPU
		{E90B1377-B9D3-4799-A0A5-D1D255673AE6}.AppStore|ARM64.ActiveCfg = Debug|Any CPU
		{E90B1377-B9D3-4799-A0A5-D1D255673AE6}.AppStore|ARM64.Build.0 = Debug|Any CPU
		{E90B1377-B9D3-4799-A0A5-D1D255673AE6}.AppStore|iPhone.ActiveCfg = Debug|Any CPU
		{E90B1377-B9D3-4799-A0A5-D1D255673AE6}.AppStore|iPhone.Build.0 = Debug|Any CPU
		{E90B1377-B9D3-4799-A0A5-D1D255673AE6}.AppStore|iPhoneSimulator.ActiveCfg = Debug|Any CPU
		{E90B1377-B9D3-4799-A0A5-D1D255673AE6}.AppStore|iPhoneSimulator.Build.0 = Debug|Any CPU
		{E90B1377-B9D3-4799-A0A5-D1D255673AE6}.AppStore|x64.ActiveCfg = Debug|Any CPU
		{E90B1377-B9D3-4799-A0A5-D1D255673AE6}.AppStore|x64.Build.0 = Debug|Any CPU
		{E90B1377-B9D3-4799-A0A5-D1D255673AE6}.AppStore|x86.ActiveCfg = Debug|Any CPU
		{E90B1377-B9D3-4799-A0A5-D1D255673AE6}.AppStore|x86.Build.0 = Debug|Any CPU
		{E90B1377-B9D3-4799-A0A5-D1D255673AE6}.Debug|Any CPU.ActiveCfg = Debug|Any CPU
		{E90B1377-B9D3-4799-A0A5-D1D255673AE6}.Debug|Any CPU.Build.0 = Debug|Any CPU
		{E90B1377-B9D3-4799-A0A5-D1D255673AE6}.Debug|ARM.ActiveCfg = Debug|Any CPU
		{E90B1377-B9D3-4799-A0A5-D1D255673AE6}.Debug|ARM.Build.0 = Debug|Any CPU
		{E90B1377-B9D3-4799-A0A5-D1D255673AE6}.Debug|ARM64.ActiveCfg = Debug|Any CPU
		{E90B1377-B9D3-4799-A0A5-D1D255673AE6}.Debug|ARM64.Build.0 = Debug|Any CPU
		{E90B1377-B9D3-4799-A0A5-D1D255673AE6}.Debug|iPhone.ActiveCfg = Debug|Any CPU
		{E90B1377-B9D3-4799-A0A5-D1D255673AE6}.Debug|iPhone.Build.0 = Debug|Any CPU
		{E90B1377-B9D3-4799-A0A5-D1D255673AE6}.Debug|iPhoneSimulator.ActiveCfg = Debug|Any CPU
		{E90B1377-B9D3-4799-A0A5-D1D255673AE6}.Debug|iPhoneSimulator.Build.0 = Debug|Any CPU
		{E90B1377-B9D3-4799-A0A5-D1D255673AE6}.Debug|x64.ActiveCfg = Debug|Any CPU
		{E90B1377-B9D3-4799-A0A5-D1D255673AE6}.Debug|x64.Build.0 = Debug|Any CPU
		{E90B1377-B9D3-4799-A0A5-D1D255673AE6}.Debug|x86.ActiveCfg = Debug|Any CPU
		{E90B1377-B9D3-4799-A0A5-D1D255673AE6}.Debug|x86.Build.0 = Debug|Any CPU
		{E90B1377-B9D3-4799-A0A5-D1D255673AE6}.Release|Any CPU.ActiveCfg = Release|Any CPU
		{E90B1377-B9D3-4799-A0A5-D1D255673AE6}.Release|Any CPU.Build.0 = Release|Any CPU
		{E90B1377-B9D3-4799-A0A5-D1D255673AE6}.Release|ARM.ActiveCfg = Release|Any CPU
		{E90B1377-B9D3-4799-A0A5-D1D255673AE6}.Release|ARM.Build.0 = Release|Any CPU
		{E90B1377-B9D3-4799-A0A5-D1D255673AE6}.Release|ARM64.ActiveCfg = Release|Any CPU
		{E90B1377-B9D3-4799-A0A5-D1D255673AE6}.Release|ARM64.Build.0 = Release|Any CPU
		{E90B1377-B9D3-4799-A0A5-D1D255673AE6}.Release|iPhone.ActiveCfg = Release|Any CPU
		{E90B1377-B9D3-4799-A0A5-D1D255673AE6}.Release|iPhone.Build.0 = Release|Any CPU
		{E90B1377-B9D3-4799-A0A5-D1D255673AE6}.Release|iPhoneSimulator.ActiveCfg = Release|Any CPU
		{E90B1377-B9D3-4799-A0A5-D1D255673AE6}.Release|iPhoneSimulator.Build.0 = Release|Any CPU
		{E90B1377-B9D3-4799-A0A5-D1D255673AE6}.Release|x64.ActiveCfg = Release|Any CPU
		{E90B1377-B9D3-4799-A0A5-D1D255673AE6}.Release|x64.Build.0 = Release|Any CPU
		{E90B1377-B9D3-4799-A0A5-D1D255673AE6}.Release|x86.ActiveCfg = Release|Any CPU
		{E90B1377-B9D3-4799-A0A5-D1D255673AE6}.Release|x86.Build.0 = Release|Any CPU
		{6459A7E7-5EE3-47AC-9772-B26E78ADEBD9}.Ad-Hoc|Any CPU.ActiveCfg = Debug|Any CPU
		{6459A7E7-5EE3-47AC-9772-B26E78ADEBD9}.Ad-Hoc|Any CPU.Build.0 = Debug|Any CPU
		{6459A7E7-5EE3-47AC-9772-B26E78ADEBD9}.Ad-Hoc|ARM.ActiveCfg = Debug|Any CPU
		{6459A7E7-5EE3-47AC-9772-B26E78ADEBD9}.Ad-Hoc|ARM.Build.0 = Debug|Any CPU
		{6459A7E7-5EE3-47AC-9772-B26E78ADEBD9}.Ad-Hoc|ARM64.ActiveCfg = Debug|Any CPU
		{6459A7E7-5EE3-47AC-9772-B26E78ADEBD9}.Ad-Hoc|ARM64.Build.0 = Debug|Any CPU
		{6459A7E7-5EE3-47AC-9772-B26E78ADEBD9}.Ad-Hoc|iPhone.ActiveCfg = Debug|Any CPU
		{6459A7E7-5EE3-47AC-9772-B26E78ADEBD9}.Ad-Hoc|iPhone.Build.0 = Debug|Any CPU
		{6459A7E7-5EE3-47AC-9772-B26E78ADEBD9}.Ad-Hoc|iPhoneSimulator.ActiveCfg = Debug|Any CPU
		{6459A7E7-5EE3-47AC-9772-B26E78ADEBD9}.Ad-Hoc|iPhoneSimulator.Build.0 = Debug|Any CPU
		{6459A7E7-5EE3-47AC-9772-B26E78ADEBD9}.Ad-Hoc|x64.ActiveCfg = Debug|Any CPU
		{6459A7E7-5EE3-47AC-9772-B26E78ADEBD9}.Ad-Hoc|x64.Build.0 = Debug|Any CPU
		{6459A7E7-5EE3-47AC-9772-B26E78ADEBD9}.Ad-Hoc|x86.ActiveCfg = Debug|Any CPU
		{6459A7E7-5EE3-47AC-9772-B26E78ADEBD9}.Ad-Hoc|x86.Build.0 = Debug|Any CPU
		{6459A7E7-5EE3-47AC-9772-B26E78ADEBD9}.AppStore|Any CPU.ActiveCfg = Debug|Any CPU
		{6459A7E7-5EE3-47AC-9772-B26E78ADEBD9}.AppStore|Any CPU.Build.0 = Debug|Any CPU
		{6459A7E7-5EE3-47AC-9772-B26E78ADEBD9}.AppStore|ARM.ActiveCfg = Debug|Any CPU
		{6459A7E7-5EE3-47AC-9772-B26E78ADEBD9}.AppStore|ARM.Build.0 = Debug|Any CPU
		{6459A7E7-5EE3-47AC-9772-B26E78ADEBD9}.AppStore|ARM64.ActiveCfg = Debug|Any CPU
		{6459A7E7-5EE3-47AC-9772-B26E78ADEBD9}.AppStore|ARM64.Build.0 = Debug|Any CPU
		{6459A7E7-5EE3-47AC-9772-B26E78ADEBD9}.AppStore|iPhone.ActiveCfg = Debug|Any CPU
		{6459A7E7-5EE3-47AC-9772-B26E78ADEBD9}.AppStore|iPhone.Build.0 = Debug|Any CPU
		{6459A7E7-5EE3-47AC-9772-B26E78ADEBD9}.AppStore|iPhoneSimulator.ActiveCfg = Debug|Any CPU
		{6459A7E7-5EE3-47AC-9772-B26E78ADEBD9}.AppStore|iPhoneSimulator.Build.0 = Debug|Any CPU
		{6459A7E7-5EE3-47AC-9772-B26E78ADEBD9}.AppStore|x64.ActiveCfg = Debug|Any CPU
		{6459A7E7-5EE3-47AC-9772-B26E78ADEBD9}.AppStore|x64.Build.0 = Debug|Any CPU
		{6459A7E7-5EE3-47AC-9772-B26E78ADEBD9}.AppStore|x86.ActiveCfg = Debug|Any CPU
		{6459A7E7-5EE3-47AC-9772-B26E78ADEBD9}.AppStore|x86.Build.0 = Debug|Any CPU
		{6459A7E7-5EE3-47AC-9772-B26E78ADEBD9}.Debug|Any CPU.ActiveCfg = Debug|Any CPU
		{6459A7E7-5EE3-47AC-9772-B26E78ADEBD9}.Debug|Any CPU.Build.0 = Debug|Any CPU
		{6459A7E7-5EE3-47AC-9772-B26E78ADEBD9}.Debug|ARM.ActiveCfg = Debug|Any CPU
		{6459A7E7-5EE3-47AC-9772-B26E78ADEBD9}.Debug|ARM.Build.0 = Debug|Any CPU
		{6459A7E7-5EE3-47AC-9772-B26E78ADEBD9}.Debug|ARM64.ActiveCfg = Debug|Any CPU
		{6459A7E7-5EE3-47AC-9772-B26E78ADEBD9}.Debug|ARM64.Build.0 = Debug|Any CPU
		{6459A7E7-5EE3-47AC-9772-B26E78ADEBD9}.Debug|iPhone.ActiveCfg = Debug|Any CPU
		{6459A7E7-5EE3-47AC-9772-B26E78ADEBD9}.Debug|iPhone.Build.0 = Debug|Any CPU
		{6459A7E7-5EE3-47AC-9772-B26E78ADEBD9}.Debug|iPhoneSimulator.ActiveCfg = Debug|Any CPU
		{6459A7E7-5EE3-47AC-9772-B26E78ADEBD9}.Debug|iPhoneSimulator.Build.0 = Debug|Any CPU
		{6459A7E7-5EE3-47AC-9772-B26E78ADEBD9}.Debug|x64.ActiveCfg = Debug|Any CPU
		{6459A7E7-5EE3-47AC-9772-B26E78ADEBD9}.Debug|x64.Build.0 = Debug|Any CPU
		{6459A7E7-5EE3-47AC-9772-B26E78ADEBD9}.Debug|x86.ActiveCfg = Debug|Any CPU
		{6459A7E7-5EE3-47AC-9772-B26E78ADEBD9}.Debug|x86.Build.0 = Debug|Any CPU
		{6459A7E7-5EE3-47AC-9772-B26E78ADEBD9}.Release|Any CPU.ActiveCfg = Release|Any CPU
		{6459A7E7-5EE3-47AC-9772-B26E78ADEBD9}.Release|Any CPU.Build.0 = Release|Any CPU
		{6459A7E7-5EE3-47AC-9772-B26E78ADEBD9}.Release|ARM.ActiveCfg = Release|Any CPU
		{6459A7E7-5EE3-47AC-9772-B26E78ADEBD9}.Release|ARM.Build.0 = Release|Any CPU
		{6459A7E7-5EE3-47AC-9772-B26E78ADEBD9}.Release|ARM64.ActiveCfg = Release|Any CPU
		{6459A7E7-5EE3-47AC-9772-B26E78ADEBD9}.Release|ARM64.Build.0 = Release|Any CPU
		{6459A7E7-5EE3-47AC-9772-B26E78ADEBD9}.Release|iPhone.ActiveCfg = Release|Any CPU
		{6459A7E7-5EE3-47AC-9772-B26E78ADEBD9}.Release|iPhone.Build.0 = Release|Any CPU
		{6459A7E7-5EE3-47AC-9772-B26E78ADEBD9}.Release|iPhoneSimulator.ActiveCfg = Release|Any CPU
		{6459A7E7-5EE3-47AC-9772-B26E78ADEBD9}.Release|iPhoneSimulator.Build.0 = Release|Any CPU
		{6459A7E7-5EE3-47AC-9772-B26E78ADEBD9}.Release|x64.ActiveCfg = Release|Any CPU
		{6459A7E7-5EE3-47AC-9772-B26E78ADEBD9}.Release|x64.Build.0 = Release|Any CPU
		{6459A7E7-5EE3-47AC-9772-B26E78ADEBD9}.Release|x86.ActiveCfg = Release|Any CPU
		{6459A7E7-5EE3-47AC-9772-B26E78ADEBD9}.Release|x86.Build.0 = Release|Any CPU
	EndGlobalSection
	GlobalSection(SolutionProperties) = preSolution
		HideSolutionNode = FALSE
	EndGlobalSection
	GlobalSection(NestedProjects) = preSolution
		{E0DFF72B-7E91-401A-BD79-41826EB97E97} = {783F0F7E-5901-4F9E-AABE-3639B388A559}
		{5A045291-3FC4-4683-9BF9-AB35EF9D36EA} = {783F0F7E-5901-4F9E-AABE-3639B388A559}
		{2A76591F-525C-4FE9-B376-8737035A762B} = {783F0F7E-5901-4F9E-AABE-3639B388A559}
		{9ECAEC5A-6148-40BF-9104-B6003B97E6AD} = {783F0F7E-5901-4F9E-AABE-3639B388A559}
		{39960892-D4F1-4A20-9AD3-5A1DA547FB03} = {783F0F7E-5901-4F9E-AABE-3639B388A559}
		{17427A5A-99BA-4720-A219-EDEE584D0AD4} = {783F0F7E-5901-4F9E-AABE-3639B388A559}
		{8F054858-058A-4E01-BCB2-B4EDE782AFF5} = {783F0F7E-5901-4F9E-AABE-3639B388A559}
		{E90B1377-B9D3-4799-A0A5-D1D255673AE6} = {783F0F7E-5901-4F9E-AABE-3639B388A559}
		{6459A7E7-5EE3-47AC-9772-B26E78ADEBD9} = {783F0F7E-5901-4F9E-AABE-3639B388A559}
	EndGlobalSection
	GlobalSection(ExtensibilityGlobals) = postSolution
		SolutionGuid = {68657EE2-077A-4FE3-A783-6BA18ABE7D78}
	EndGlobalSection
EndGlobal
